
Microsoft Visual Studio Solution File, Format Version 12.00
# Visual Studio Version 17
VisualStudioVersion = 17.0.31903.59
MinimumVisualStudioVersion = 10.0.40219.1
Project("{2150E333-8FDC-42A3-9474-1A3956D46DE8}") = "src", "src", "{827E0CD3-B72D-47B6-A68D-7590B98EB39B}"
EndProject
Project("{FAE04EC0-301F-11D3-BF4B-00C04F79EFBC}") = "EasyCore.Dapr", "src\EasyCore.Dapr\EasyCore.Dapr.csproj", "{7EA91E84-4250-4045-9C45-587484044EB8}"
EndProject
Project("{2150E333-8FDC-42A3-9474-1A3956D46DE8}") = "demo", "demo", "{A39C23D2-F2C0-258D-165A-CF1E7FEE6E7B}"
EndProject
Project("{FAE04EC0-301F-11D3-BF4B-00C04F79EFBC}") = "Web.Dapr", "demo\Web.Dapr\Web.Dapr.csproj", "{881CF638-B908-4846-B5EB-8F8B4ABF0AA3}"
EndProject
Project("{FAE04EC0-301F-11D3-BF4B-00C04F79EFBC}") = "Web.Dapr.Service", "demo\Web.Dapr.Service\Web.Dapr.Service.csproj", "{EDE8AF9A-A908-49AC-86A7-B5A9A12D7FA6}"
EndProject
Project("{2150E333-8FDC-42A3-9474-1A3956D46DE8}") = "tests", "tests", "{0AB3BF05-4346-4AA6-1389-037BE0695223}"
EndProject
Project("{FAE04EC0-301F-11D3-BF4B-00C04F79EFBC}") = "EasyCore.Dapr.Tests", "tests\EasyCore.Dapr.Tests\EasyCore.Dapr.Tests.csproj", "{34649F7F-0D31-41C2-9D3B-5476A1A6924B}"
EndProject
Project("{FAE04EC0-301F-11D3-BF4B-00C04F79EFBC}") = "Web.Dapr.Actors", "demo\Web.Dapr.Actors\Web.Dapr.Actors.csproj", "{1B6CB0E3-077B-4DB3-BF54-0A69F79A4034}"
EndProject
Project("{FAE04EC0-301F-11D3-BF4B-00C04F79EFBC}") = "Web.Dapr.Workflow", "demo\Web.Dapr.Workflow\Web.Dapr.Workflow.csproj", "{477F8E6A-FEC6-4654-BA20-4CCE325BB052}"
EndProject
Global
	GlobalSection(SolutionConfigurationPlatforms) = preSolution
		Debug|Any CPU = Debug|Any CPU
		Debug|x64 = Debug|x64
		Debug|x86 = Debug|x86
		Release|Any CPU = Release|Any CPU
		Release|x64 = Release|x64
		Release|x86 = Release|x86
	EndGlobalSection
	GlobalSection(ProjectConfigurationPlatforms) = postSolution
		{7EA91E84-4250-4045-9C45-587484044EB8}.Debug|Any CPU.ActiveCfg = Debug|Any CPU
		{7EA91E84-4250-4045-9C45-587484044EB8}.Debug|Any CPU.Build.0 = Debug|Any CPU
		{7EA91E84-4250-4045-9C45-587484044EB8}.Debug|x64.ActiveCfg = Debug|Any CPU
		{7EA91E84-4250-4045-9C45-587484044EB8}.Debug|x64.Build.0 = Debug|Any CPU
		{7EA91E84-4250-4045-9C45-587484044EB8}.Debug|x86.ActiveCfg = Debug|Any CPU
		{7EA91E84-4250-4045-9C45-587484044EB8}.Debug|x86.Build.0 = Debug|Any CPU
		{7EA91E84-4250-4045-9C45-587484044EB8}.Release|Any CPU.ActiveCfg = Release|Any CPU
		{7EA91E84-4250-4045-9C45-587484044EB8}.Release|Any CPU.Build.0 = Release|Any CPU
		{7EA91E84-4250-4045-9C45-587484044EB8}.Release|x64.ActiveCfg = Release|Any CPU
		{7EA91E84-4250-4045-9C45-587484044EB8}.Release|x64.Build.0 = Release|Any CPU
		{7EA91E84-4250-4045-9C45-587484044EB8}.Release|x86.ActiveCfg = Release|Any CPU
		{7EA91E84-4250-4045-9C45-587484044EB8}.Release|x86.Build.0 = Release|Any CPU
		{881CF638-B908-4846-B5EB-8F8B4ABF0AA3}.Debug|Any CPU.ActiveCfg = Debug|Any CPU
		{881CF638-B908-4846-B5EB-8F8B4ABF0AA3}.Debug|Any CPU.Build.0 = Debug|Any CPU
		{881CF638-B908-4846-B5EB-8F8B4ABF0AA3}.Debug|x64.ActiveCfg = Debug|Any CPU
		{881CF638-B908-4846-B5EB-8F8B4ABF0AA3}.Debug|x64.Build.0 = Debug|Any CPU
		{881CF638-B908-4846-B5EB-8F8B4ABF0AA3}.Debug|x86.ActiveCfg = Debug|Any CPU
		{881CF638-B908-4846-B5EB-8F8B4ABF0AA3}.Debug|x86.Build.0 = Debug|Any CPU
		{881CF638-B908-4846-B5EB-8F8B4ABF0AA3}.Release|Any CPU.ActiveCfg = Release|Any CPU
		{881CF638-B908-4846-B5EB-8F8B4ABF0AA3}.Release|Any CPU.Build.0 = Release|Any CPU
		{881CF638-B908-4846-B5EB-8F8B4ABF0AA3}.Release|x64.ActiveCfg = Release|Any CPU
		{881CF638-B908-4846-B5EB-8F8B4ABF0AA3}.Release|x64.Build.0 = Release|Any CPU
		{881CF638-B908-4846-B5EB-8F8B4ABF0AA3}.Release|x86.ActiveCfg = Release|Any CPU
		{881CF638-B908-4846-B5EB-8F8B4ABF0AA3}.Release|x86.Build.0 = Release|Any CPU
		{EDE8AF9A-A908-49AC-86A7-B5A9A12D7FA6}.Debug|Any CPU.ActiveCfg = Debug|Any CPU
		{EDE8AF9A-A908-49AC-86A7-B5A9A12D7FA6}.Debug|Any CPU.Build.0 = Debug|Any CPU
		{EDE8AF9A-A908-49AC-86A7-B5A9A12D7FA6}.Debug|x64.ActiveCfg = Debug|Any CPU
		{EDE8AF9A-A908-49AC-86A7-B5A9A12D7FA6}.Debug|x64.Build.0 = Debug|Any CPU
		{EDE8AF9A-A908-49AC-86A7-B5A9A12D7FA6}.Debug|x86.ActiveCfg = Debug|Any CPU
		{EDE8AF9A-A908-49AC-86A7-B5A9A12D7FA6}.Debug|x86.Build.0 = Debug|Any CPU
		{EDE8AF9A-A908-49AC-86A7-B5A9A12D7FA6}.Release|Any CPU.ActiveCfg = Release|Any CPU
		{EDE8AF9A-A908-49AC-86A7-B5A9A12D7FA6}.Release|Any CPU.Build.0 = Release|Any CPU
		{EDE8AF9A-A908-49AC-86A7-B5A9A12D7FA6}.Release|x64.ActiveCfg = Release|Any CPU
		{EDE8AF9A-A908-49AC-86A7-B5A9A12D7FA6}.Release|x64.Build.0 = Release|Any CPU
		{EDE8AF9A-A908-49AC-86A7-B5A9A12D7FA6}.Release|x86.ActiveCfg = Release|Any CPU
		{EDE8AF9A-A908-49AC-86A7-B5A9A12D7FA6}.Release|x86.Build.0 = Release|Any CPU
		{34649F7F-0D31-41C2-9D3B-5476A1A6924B}.Debug|Any CPU.ActiveCfg = Debug|Any CPU
		{34649F7F-0D31-41C2-9D3B-5476A1A6924B}.Debug|Any CPU.Build.0 = Debug|Any CPU
		{34649F7F-0D31-41C2-9D3B-5476A1A6924B}.Debug|x64.ActiveCfg = Debug|Any CPU
		{34649F7F-0D31-41C2-9D3B-5476A1A6924B}.Debug|x64.Build.0 = Debug|Any CPU
		{34649F7F-0D31-41C2-9D3B-5476A1A6924B}.Debug|x86.ActiveCfg = Debug|Any CPU
		{34649F7F-0D31-41C2-9D3B-5476A1A6924B}.Debug|x86.Build.0 = Debug|Any CPU
		{34649F7F-0D31-41C2-9D3B-5476A1A6924B}.Release|Any CPU.ActiveCfg = Release|Any CPU
		{34649F7F-0D31-41C2-9D3B-5476A1A6924B}.Release|Any CPU.Build.0 = Release|Any CPU
		{34649F7F-0D31-41C2-9D3B-5476A1A6924B}.Release|x64.ActiveCfg = Release|Any CPU
		{34649F7F-0D31-41C2-9D3B-5476A1A6924B}.Release|x64.Build.0 = Release|Any CPU
		{34649F7F-0D31-41C2-9D3B-5476A1A6924B}.Release|x86.ActiveCfg = Release|Any CPU
		{34649F7F-0D31-41C2-9D3B-5476A1A6924B}.Release|x86.Build.0 = Release|Any CPU
		{1B6CB0E3-077B-4DB3-BF54-0A69F79A4034}.Debug|Any CPU.ActiveCfg = Debug|Any CPU
		{1B6CB0E3-077B-4DB3-BF54-0A69F79A4034}.Debug|Any CPU.Build.0 = Debug|Any CPU
		{1B6CB0E3-077B-4DB3-BF54-0A69F79A4034}.Debug|x64.ActiveCfg = Debug|Any CPU
		{1B6CB0E3-077B-4DB3-BF54-0A69F79A4034}.Debug|x64.Build.0 = Debug|Any CPU
		{1B6CB0E3-077B-4DB3-BF54-0A69F79A4034}.Debug|x86.ActiveCfg = Debug|Any CPU
		{1B6CB0E3-077B-4DB3-BF54-0A69F79A4034}.Debug|x86.Build.0 = Debug|Any CPU
		{1B6CB0E3-077B-4DB3-BF54-0A69F79A4034}.Release|Any CPU.ActiveCfg = Release|Any CPU
		{1B6CB0E3-077B-4DB3-BF54-0A69F79A4034}.Release|Any CPU.Build.0 = Release|Any CPU
		{1B6CB0E3-077B-4DB3-BF54-0A69F79A4034}.Release|x64.ActiveCfg = Release|Any CPU
		{1B6CB0E3-077B-4DB3-BF54-0A69F79A4034}.Release|x64.Build.0 = Release|Any CPU
		{1B6CB0E3-077B-4DB3-BF54-0A69F79A4034}.Release|x86.ActiveCfg = Release|Any CPU
		{1B6CB0E3-077B-4DB3-BF54-0A69F79A4034}.Release|x86.Build.0 = Release|Any CPU
		{477F8E6A-FEC6-4654-BA20-4CCE325BB052}.Debug|Any CPU.ActiveCfg = Debug|Any CPU
		{477F8E6A-FEC6-4654-BA20-4CCE325BB052}.Debug|Any CPU.Build.0 = Debug|Any CPU
		{477F8E6A-FEC6-4654-BA20-4CCE325BB052}.Debug|x64.ActiveCfg = Debug|Any CPU
		{477F8E6A-FEC6-4654-BA20-4CCE325BB052}.Debug|x64.Build.0 = Debug|Any CPU
		{477F8E6A-FEC6-4654-BA20-4CCE325BB052}.Debug|x86.ActiveCfg = Debug|Any CPU
		{477F8E6A-FEC6-4654-BA20-4CCE325BB052}.Debug|x86.Build.0 = Debug|Any CPU
		{477F8E6A-FEC6-4654-BA20-4CCE325BB052}.Release|Any CPU.ActiveCfg = Release|Any CPU
		{477F8E6A-FEC6-4654-BA20-4CCE325BB052}.Release|Any CPU.Build.0 = Release|Any CPU
		{477F8E6A-FEC6-4654-BA20-4CCE325BB052}.Release|x64.ActiveCfg = Release|Any CPU
		{477F8E6A-FEC6-4654-BA20-4CCE325BB052}.Release|x64.Build.0 = Release|Any CPU
		{477F8E6A-FEC6-4654-BA20-4CCE325BB052}.Release|x86.ActiveCfg = Release|Any CPU
		{477F8E6A-FEC6-4654-BA20-4CCE325BB052}.Release|x86.Build.0 = Release|Any CPU
	EndGlobalSection
	GlobalSection(SolutionProperties) = preSolution
		HideSolutionNode = FALSE
	EndGlobalSection
	GlobalSection(NestedProjects) = preSolution
		{7EA91E84-4250-4045-9C45-587484044EB8} = {827E0CD3-B72D-47B6-A68D-7590B98EB39B}
		{881CF638-B908-4846-B5EB-8F8B4ABF0AA3} = {A39C23D2-F2C0-258D-165A-CF1E7FEE6E7B}
		{EDE8AF9A-A908-49AC-86A7-B5A9A12D7FA6} = {A39C23D2-F2C0-258D-165A-CF1E7FEE6E7B}
		{34649F7F-0D31-41C2-9D3B-5476A1A6924B} = {0AB3BF05-4346-4AA6-1389-037BE0695223}
		{1B6CB0E3-077B-4DB3-BF54-0A69F79A4034} = {A39C23D2-F2C0-258D-165A-CF1E7FEE6E7B}
		{477F8E6A-FEC6-4654-BA20-4CCE325BB052} = {A39C23D2-F2C0-258D-165A-CF1E7FEE6E7B}
	EndGlobalSection
EndGlobal
